
Microsoft Visual Studio Solution File, Format Version 12.00
# Visual Studio Version 17
VisualStudioVersion = 17.13.35919.96
MinimumVisualStudioVersion = 10.0.40219.1
Project("{FAE04EC0-301F-11D3-BF4B-00C04F79EFBC}") = "APIPractice", "APIPractice\APIPractice.csproj", "{517C5185-6E6A-4D06-911C-C3234D150D31}"
EndProject
Project("{FAE04EC0-301F-11D3-BF4B-00C04F79EFBC}") = "APIPractice.infrastucture", "APIPractice.infrastucture\APIPractice.infrastucture.csproj", "{C1FBE0D4-F9EE-40A3-99CF-3163347E28DC}"
EndProject
Global
	GlobalSection(SolutionConfigurationPlatforms) = preSolution
		Debug|Any CPU = Debug|Any CPU
		Release|Any CPU = Release|Any CPU
	EndGlobalSection
	GlobalSection(ProjectConfigurationPlatforms) = postSolution
		{517C5185-6E6A-4D06-911C-C3234D150D31}.Debug|Any CPU.ActiveCfg = Debug|Any CPU
		{517C5185-6E6A-4D06-911C-C3234D150D31}.Debug|Any CPU.Build.0 = Debug|Any CPU
		{517C5185-6E6A-4D06-911C-C3234D150D31}.Release|Any CPU.ActiveCfg = Release|Any CPU
		{517C5185-6E6A-4D06-911C-C3234D150D31}.Release|Any CPU.Build.0 = Release|Any CPU
		{C1FBE0D4-F9EE-40A3-99CF-3163347E28DC}.Debug|Any CPU.ActiveCfg = Debug|Any CPU
		{C1FBE0D4-F9EE-40A3-99CF-3163347E28DC}.Debug|Any CPU.Build.0 = Debug|Any CPU
		{C1FBE0D4-F9EE-40A3-99CF-3163347E28DC}.Release|Any CPU.ActiveCfg = Release|Any CPU
		{C1FBE0D4-F9EE-40A3-99CF-3163347E28DC}.Release|Any CPU.Build.0 = Release|Any CPU
	EndGlobalSection
	GlobalSection(SolutionProperties) = preSolution
		HideSolutionNode = FALSE
	EndGlobalSection
	GlobalSection(ExtensibilityGlobals) = postSolution
		SolutionGuid = {FDDF5F2C-08F7-4D83-A505-B9DD4BBC5549}
	EndGlobalSection
EndGlobal
